
Microsoft Visual Studio Solution File, Format Version 12.00
# Visual Studio 15
VisualStudioVersion = 15.0.27703.2035
MinimumVisualStudioVersion = 10.0.40219.1
Project("{FAE04EC0-301F-11D3-BF4B-00C04F79EFBC}") = "05.Fiap.Web.MVC", "05.Fiap.Web.MVC\05.Fiap.Web.MVC.csproj", "{37B251A8-68E8-43B1-ABB5-7B52B53D553B}"
EndProject
Global
	GlobalSection(SolutionConfigurationPlatforms) = preSolution
		Debug|Any CPU = Debug|Any CPU
		Release|Any CPU = Release|Any CPU
	EndGlobalSection
	GlobalSection(ProjectConfigurationPlatforms) = postSolution
		{37B251A8-68E8-43B1-ABB5-7B52B53D553B}.Debug|Any CPU.ActiveCfg = Debug|Any CPU
		{37B251A8-68E8-43B1-ABB5-7B52B53D553B}.Debug|Any CPU.Build.0 = Debug|Any CPU
		{37B251A8-68E8-43B1-ABB5-7B52B53D553B}.Release|Any CPU.ActiveCfg = Release|Any CPU
		{37B251A8-68E8-43B1-ABB5-7B52B53D553B}.Release|Any CPU.Build.0 = Release|Any CPU
	EndGlobalSection
	GlobalSection(SolutionProperties) = preSolution
		HideSolutionNode = FALSE
	EndGlobalSection
	GlobalSection(ExtensibilityGlobals) = postSolution
		SolutionGuid = {C3A22B69-3E1E-4114-82A5-D47E5C584B22}
	EndGlobalSection
EndGlobal
