
Microsoft Visual Studio Solution File, Format Version 12.00
# Visual Studio 15
VisualStudioVersion = 15.0.27703.2035
MinimumVisualStudioVersion = 10.0.40219.1
Project("{FAE04EC0-301F-11D3-BF4B-00C04F79EFBC}") = "Fiap09.Web.MVC", "Fiap09.Web.MVC\Fiap09.Web.MVC.csproj", "{E0EC033C-F965-4C38-8CAB-EA96B72F77C4}"
EndProject
Global
	GlobalSection(SolutionConfigurationPlatforms) = preSolution
		Debug|Any CPU = Debug|Any CPU
		Release|Any CPU = Release|Any CPU
	EndGlobalSection
	GlobalSection(ProjectConfigurationPlatforms) = postSolution
		{E0EC033C-F965-4C38-8CAB-EA96B72F77C4}.Debug|Any CPU.ActiveCfg = Debug|Any CPU
		{E0EC033C-F965-4C38-8CAB-EA96B72F77C4}.Debug|Any CPU.Build.0 = Debug|Any CPU
		{E0EC033C-F965-4C38-8CAB-EA96B72F77C4}.Release|Any CPU.ActiveCfg = Release|Any CPU
		{E0EC033C-F965-4C38-8CAB-EA96B72F77C4}.Release|Any CPU.Build.0 = Release|Any CPU
	EndGlobalSection
	GlobalSection(SolutionProperties) = preSolution
		HideSolutionNode = FALSE
	EndGlobalSection
	GlobalSection(ExtensibilityGlobals) = postSolution
		SolutionGuid = {6FD5DE73-37F5-4F37-BCED-F58F4D913C12}
	EndGlobalSection
EndGlobal
